
Microsoft Visual Studio Solution File, Format Version 12.00
# Visual Studio Version 17
VisualStudioVersion = 17.2.32630.192
MinimumVisualStudioVersion = 10.0.40219.1
Project("{FAE04EC0-301F-11D3-BF4B-00C04F79EFBC}") = "EHR", "EHR\EHR.csproj", "{059CEC8F-50F2-4E63-9B1A-D9BC56DB401B}"
EndProject
Project("{FAE04EC0-301F-11D3-BF4B-00C04F79EFBC}") = "EHR.Domain", "EHR.Domain\EHR.Domain.csproj", "{DA53EC93-36F4-4AC4-A804-297F74F84A23}"
EndProject
Project("{FAE04EC0-301F-11D3-BF4B-00C04F79EFBC}") = "EHR.Repo", "EHR.Repo\EHR.Repo.csproj", "{381F11FA-9330-4649-9455-E760C4BD11F3}"
EndProject
Project("{FAE04EC0-301F-11D3-BF4B-00C04F79EFBC}") = "EHR.Service", "EHR.Service\EHR.Service.csproj", "{F4D84E35-D69B-4567-AEB5-A07A594DEAE7}"
EndProject
Project("{FAE04EC0-301F-11D3-BF4B-00C04F79EFBC}") = "EHR.ViewModel", "EHR.ViewModel\EHR.ViewModel.csproj", "{D565C6F7-5D08-4D01-9620-E26365AF7AC9}"
EndProject
Global
	GlobalSection(SolutionConfigurationPlatforms) = preSolution
		Debug|Any CPU = Debug|Any CPU
		Release|Any CPU = Release|Any CPU
	EndGlobalSection
	GlobalSection(ProjectConfigurationPlatforms) = postSolution
		{059CEC8F-50F2-4E63-9B1A-D9BC56DB401B}.Debug|Any CPU.ActiveCfg = Debug|Any CPU
		{059CEC8F-50F2-4E63-9B1A-D9BC56DB401B}.Debug|Any CPU.Build.0 = Debug|Any CPU
		{059CEC8F-50F2-4E63-9B1A-D9BC56DB401B}.Release|Any CPU.ActiveCfg = Release|Any CPU
		{059CEC8F-50F2-4E63-9B1A-D9BC56DB401B}.Release|Any CPU.Build.0 = Release|Any CPU
		{DA53EC93-36F4-4AC4-A804-297F74F84A23}.Debug|Any CPU.ActiveCfg = Debug|Any CPU
		{DA53EC93-36F4-4AC4-A804-297F74F84A23}.Debug|Any CPU.Build.0 = Debug|Any CPU
		{DA53EC93-36F4-4AC4-A804-297F74F84A23}.Release|Any CPU.ActiveCfg = Release|Any CPU
		{DA53EC93-36F4-4AC4-A804-297F74F84A23}.Release|Any CPU.Build.0 = Release|Any CPU
		{381F11FA-9330-4649-9455-E760C4BD11F3}.Debug|Any CPU.ActiveCfg = Debug|Any CPU
		{381F11FA-9330-4649-9455-E760C4BD11F3}.Debug|Any CPU.Build.0 = Debug|Any CPU
		{381F11FA-9330-4649-9455-E760C4BD11F3}.Release|Any CPU.ActiveCfg = Release|Any CPU
		{381F11FA-9330-4649-9455-E760C4BD11F3}.Release|Any CPU.Build.0 = Release|Any CPU
		{F4D84E35-D69B-4567-AEB5-A07A594DEAE7}.Debug|Any CPU.ActiveCfg = Debug|Any CPU
		{F4D84E35-D69B-4567-AEB5-A07A594DEAE7}.Debug|Any CPU.Build.0 = Debug|Any CPU
		{F4D84E35-D69B-4567-AEB5-A07A594DEAE7}.Release|Any CPU.ActiveCfg = Release|Any CPU
		{F4D84E35-D69B-4567-AEB5-A07A594DEAE7}.Release|Any CPU.Build.0 = Release|Any CPU
		{D565C6F7-5D08-4D01-9620-E26365AF7AC9}.Debug|Any CPU.ActiveCfg = Debug|Any CPU
		{D565C6F7-5D08-4D01-9620-E26365AF7AC9}.Debug|Any CPU.Build.0 = Debug|Any CPU
		{D565C6F7-5D08-4D01-9620-E26365AF7AC9}.Release|Any CPU.ActiveCfg = Release|Any CPU
		{D565C6F7-5D08-4D01-9620-E26365AF7AC9}.Release|Any CPU.Build.0 = Release|Any CPU
	EndGlobalSection
	GlobalSection(SolutionProperties) = preSolution
		HideSolutionNode = FALSE
	EndGlobalSection
	GlobalSection(ExtensibilityGlobals) = postSolution
		SolutionGuid = {0402D8D2-C2D2-4CD9-932C-6180EF4C3A36}
	EndGlobalSection
EndGlobal
